
Microsoft Visual Studio Solution File, Format Version 12.00
# Visual Studio Version 17
VisualStudioVersion = 17.10.35027.167
MinimumVisualStudioVersion = 10.0.40219.1
Project("{FAE04EC0-301F-11D3-BF4B-00C04F79EFBC}") = "PWDGenerator", "PWDGenerator.csproj", "{B766B537-B6D1-4F96-AB7A-15CA97E9E012}"
EndProject
Global
	GlobalSection(SolutionConfigurationPlatforms) = preSolution
		Debug|Any CPU = Debug|Any CPU
		Release|Any CPU = Release|Any CPU
	EndGlobalSection
	GlobalSection(ProjectConfigurationPlatforms) = postSolution
		{B766B537-B6D1-4F96-AB7A-15CA97E9E012}.Debug|Any CPU.ActiveCfg = Debug|Any CPU
		{B766B537-B6D1-4F96-AB7A-15CA97E9E012}.Debug|Any CPU.Build.0 = Debug|Any CPU
		{B766B537-B6D1-4F96-AB7A-15CA97E9E012}.Release|Any CPU.ActiveCfg = Release|Any CPU
		{B766B537-B6D1-4F96-AB7A-15CA97E9E012}.Release|Any CPU.Build.0 = Release|Any CPU
	EndGlobalSection
	GlobalSection(SolutionProperties) = preSolution
		HideSolutionNode = FALSE
	EndGlobalSection
	GlobalSection(ExtensibilityGlobals) = postSolution
		SolutionGuid = {CD4E1995-9B98-4522-B405-224A8458A4D9}
	EndGlobalSection
EndGlobal
